Microsoft Visual Studio Solution File, Format Version 12.00
# Visual Studio Version 17
VisualStudioVersion = 17.5.2.0
MinimumVisualStudioVersion = 10.0.40219.1
Project("{FAE04EC0-301F-11D3-BF4B-00C04F79EFBC}") = "MiGrid", "MiGrid\MiGrid.csproj", "{68547872-EEBE-B810-0360-53ADBF1A39EA}"
EndProject
Global
	GlobalSection(SolutionConfigurationPlatforms) = preSolution
		Debug|Any CPU = Debug|Any CPU
		Release|Any CPU = Release|Any CPU
	EndGlobalSection
	GlobalSection(ProjectConfigurationPlatforms) = postSolution
		{68547872-EEBE-B810-0360-53ADBF1A39EA}.Debug|Any CPU.ActiveCfg = Debug|Any CPU
		{68547872-EEBE-B810-0360-53ADBF1A39EA}.Debug|Any CPU.Build.0 = Debug|Any CPU
		{68547872-EEBE-B810-0360-53ADBF1A39EA}.Release|Any CPU.ActiveCfg = Release|Any CPU
		{68547872-EEBE-B810-0360-53ADBF1A39EA}.Release|Any CPU.Build.0 = Release|Any CPU
	EndGlobalSection
	GlobalSection(SolutionProperties) = preSolution
		HideSolutionNode = FALSE
	EndGlobalSection
	GlobalSection(ExtensibilityGlobals) = postSolution
		SolutionGuid = {3BE3E1F8-25EB-4522-864F-8717FC4FDDEB}
	EndGlobalSection
EndGlobal
